
Microsoft Visual Studio Solution File, Format Version 12.00
# Visual Studio Version 17
VisualStudioVersion = 17.11.35208.52
MinimumVisualStudioVersion = 10.0.40219.1
Project("{9A19103F-16F7-4668-BE54-9A1E7A4F7556}") = "TrilhaApiDesafio", "TrilhaApiDesafio.csproj", "{D6973508-F51C-42C0-9D5A-D7EF62B088B5}"
EndProject
Global
	GlobalSection(SolutionConfigurationPlatforms) = preSolution
		Debug|Any CPU = Debug|Any CPU
		Release|Any CPU = Release|Any CPU
	EndGlobalSection
	GlobalSection(ProjectConfigurationPlatforms) = postSolution
		{D6973508-F51C-42C0-9D5A-D7EF62B088B5}.Debug|Any CPU.ActiveCfg = Debug|Any CPU
		{D6973508-F51C-42C0-9D5A-D7EF62B088B5}.Debug|Any CPU.Build.0 = Debug|Any CPU
		{D6973508-F51C-42C0-9D5A-D7EF62B088B5}.Release|Any CPU.ActiveCfg = Release|Any CPU
		{D6973508-F51C-42C0-9D5A-D7EF62B088B5}.Release|Any CPU.Build.0 = Release|Any CPU
	EndGlobalSection
	GlobalSection(SolutionProperties) = preSolution
		HideSolutionNode = FALSE
	EndGlobalSection
	GlobalSection(ExtensibilityGlobals) = postSolution
		SolutionGuid = {DAE2FC0B-BB2F-449C-938E-F59B8582F8E4}
	EndGlobalSection
EndGlobal
